
Microsoft Visual Studio Solution File, Format Version 12.00
# Visual Studio Version 17
VisualStudioVersion = 17.5.2.0
MinimumVisualStudioVersion = 10.0.40219.1
Project("{FAE04EC0-301F-11D3-BF4B-00C04F79EFBC}") = "MyHttpFunction", "MyHttpFunction\MyHttpFunction.csproj", "{C1A51273-39B5-4CFC-1CC5-CC3A002F5210}"
EndProject
Project("{FAE04EC0-301F-11D3-BF4B-00C04F79EFBC}") = "TimerFunctionDemo", "TimerFunctionDemo\TimerFunctionDemo.csproj", "{42BE2F05-0698-4C8C-8D56-4CDF147037C3}"
EndProject
Project("{FAE04EC0-301F-11D3-BF4B-00C04F79EFBC}") = "MyDurableApp", "MyDurableApp\MyDurableApp.csproj", "{58F0FAC8-9AE6-453E-8B41-B6193EE8B1FA}"
EndProject
Global
	GlobalSection(SolutionConfigurationPlatforms) = preSolution
		Debug|Any CPU = Debug|Any CPU
		Debug|x64 = Debug|x64
		Debug|x86 = Debug|x86
		Release|Any CPU = Release|Any CPU
		Release|x64 = Release|x64
		Release|x86 = Release|x86
	EndGlobalSection
	GlobalSection(ProjectConfigurationPlatforms) = postSolution
		{C1A51273-39B5-4CFC-1CC5-CC3A002F5210}.Debug|Any CPU.ActiveCfg = Debug|Any CPU
		{C1A51273-39B5-4CFC-1CC5-CC3A002F5210}.Debug|Any CPU.Build.0 = Debug|Any CPU
		{C1A51273-39B5-4CFC-1CC5-CC3A002F5210}.Debug|x64.ActiveCfg = Debug|Any CPU
		{C1A51273-39B5-4CFC-1CC5-CC3A002F5210}.Debug|x64.Build.0 = Debug|Any CPU
		{C1A51273-39B5-4CFC-1CC5-CC3A002F5210}.Debug|x86.ActiveCfg = Debug|Any CPU
		{C1A51273-39B5-4CFC-1CC5-CC3A002F5210}.Debug|x86.Build.0 = Debug|Any CPU
		{C1A51273-39B5-4CFC-1CC5-CC3A002F5210}.Release|Any CPU.ActiveCfg = Release|Any CPU
		{C1A51273-39B5-4CFC-1CC5-CC3A002F5210}.Release|Any CPU.Build.0 = Release|Any CPU
		{C1A51273-39B5-4CFC-1CC5-CC3A002F5210}.Release|x64.ActiveCfg = Release|Any CPU
		{C1A51273-39B5-4CFC-1CC5-CC3A002F5210}.Release|x64.Build.0 = Release|Any CPU
		{C1A51273-39B5-4CFC-1CC5-CC3A002F5210}.Release|x86.ActiveCfg = Release|Any CPU
		{C1A51273-39B5-4CFC-1CC5-CC3A002F5210}.Release|x86.Build.0 = Release|Any CPU
		{42BE2F05-0698-4C8C-8D56-4CDF147037C3}.Debug|Any CPU.ActiveCfg = Debug|Any CPU
		{42BE2F05-0698-4C8C-8D56-4CDF147037C3}.Debug|Any CPU.Build.0 = Debug|Any CPU
		{42BE2F05-0698-4C8C-8D56-4CDF147037C3}.Debug|x64.ActiveCfg = Debug|Any CPU
		{42BE2F05-0698-4C8C-8D56-4CDF147037C3}.Debug|x64.Build.0 = Debug|Any CPU
		{42BE2F05-0698-4C8C-8D56-4CDF147037C3}.Debug|x86.ActiveCfg = Debug|Any CPU
		{42BE2F05-0698-4C8C-8D56-4CDF147037C3}.Debug|x86.Build.0 = Debug|Any CPU
		{42BE2F05-0698-4C8C-8D56-4CDF147037C3}.Release|Any CPU.ActiveCfg = Release|Any CPU
		{42BE2F05-0698-4C8C-8D56-4CDF147037C3}.Release|Any CPU.Build.0 = Release|Any CPU
		{42BE2F05-0698-4C8C-8D56-4CDF147037C3}.Release|x64.ActiveCfg = Release|Any CPU
		{42BE2F05-0698-4C8C-8D56-4CDF147037C3}.Release|x64.Build.0 = Release|Any CPU
		{42BE2F05-0698-4C8C-8D56-4CDF147037C3}.Release|x86.ActiveCfg = Release|Any CPU
		{42BE2F05-0698-4C8C-8D56-4CDF147037C3}.Release|x86.Build.0 = Release|Any CPU
		{58F0FAC8-9AE6-453E-8B41-B6193EE8B1FA}.Debug|Any CPU.ActiveCfg = Debug|Any CPU
		{58F0FAC8-9AE6-453E-8B41-B6193EE8B1FA}.Debug|Any CPU.Build.0 = Debug|Any CPU
		{58F0FAC8-9AE6-453E-8B41-B6193EE8B1FA}.Debug|x64.ActiveCfg = Debug|Any CPU
		{58F0FAC8-9AE6-453E-8B41-B6193EE8B1FA}.Debug|x64.Build.0 = Debug|Any CPU
		{58F0FAC8-9AE6-453E-8B41-B6193EE8B1FA}.Debug|x86.ActiveCfg = Debug|Any CPU
		{58F0FAC8-9AE6-453E-8B41-B6193EE8B1FA}.Debug|x86.Build.0 = Debug|Any CPU
		{58F0FAC8-9AE6-453E-8B41-B6193EE8B1FA}.Release|Any CPU.ActiveCfg = Release|Any CPU
		{58F0FAC8-9AE6-453E-8B41-B6193EE8B1FA}.Release|Any CPU.Build.0 = Release|Any CPU
		{58F0FAC8-9AE6-453E-8B41-B6193EE8B1FA}.Release|x64.ActiveCfg = Release|Any CPU
		{58F0FAC8-9AE6-453E-8B41-B6193EE8B1FA}.Release|x64.Build.0 = Release|Any CPU
		{58F0FAC8-9AE6-453E-8B41-B6193EE8B1FA}.Release|x86.ActiveCfg = Release|Any CPU
		{58F0FAC8-9AE6-453E-8B41-B6193EE8B1FA}.Release|x86.Build.0 = Release|Any CPU
	EndGlobalSection
	GlobalSection(SolutionProperties) = preSolution
		HideSolutionNode = FALSE
	EndGlobalSection
	GlobalSection(ExtensibilityGlobals) = postSolution
		SolutionGuid = {EF7B540A-6A45-4ABC-A55C-14F9A7CE06F9}
	EndGlobalSection
EndGlobal
